
Microsoft Visual Studio Solution File, Format Version 12.00
# Visual Studio Version 17
VisualStudioVersion = 17.11.35312.102
MinimumVisualStudioVersion = 10.0.40219.1
Project("{FAE04EC0-301F-11D3-BF4B-00C04F79EFBC}") = "UserAuthenticationApp", "UserAuthenticationApp\UserAuthenticationApp.csproj", "{578E4857-D78C-425B-9E80-E8F29D73DE7C}"
EndProject
Global
	GlobalSection(SolutionConfigurationPlatforms) = preSolution
		Debug|Any CPU = Debug|Any CPU
		Release|Any CPU = Release|Any CPU
	EndGlobalSection
	GlobalSection(ProjectConfigurationPlatforms) = postSolution
		{578E4857-D78C-425B-9E80-E8F29D73DE7C}.Debug|Any CPU.ActiveCfg = Debug|Any CPU
		{578E4857-D78C-425B-9E80-E8F29D73DE7C}.Debug|Any CPU.Build.0 = Debug|Any CPU
		{578E4857-D78C-425B-9E80-E8F29D73DE7C}.Release|Any CPU.ActiveCfg = Release|Any CPU
		{578E4857-D78C-425B-9E80-E8F29D73DE7C}.Release|Any CPU.Build.0 = Release|Any CPU
	EndGlobalSection
	GlobalSection(SolutionProperties) = preSolution
		HideSolutionNode = FALSE
	EndGlobalSection
	GlobalSection(ExtensibilityGlobals) = postSolution
		SolutionGuid = {B7F6DD55-C280-4F10-91C4-904FCF3F1911}
	EndGlobalSection
EndGlobal
